PODS:
  - SHPKeyboardAwareness (2.4.1)

DEPENDENCIES:
  - SHPKeyboardAwareness (from `../`)

EXTERNAL SOURCES:
  SHPKeyboardAwareness:
    :path: ../

SPEC CHECKSUMS:
  SHPKeyboardAwareness: 7056dd6d1a23d45d1c174d30f257a8d083bd3a08

PODFILE CHECKSUM: dc4919f25d8ac7e1e5b1255cd3ff32c348d7e1f4

COCOAPODS: 1.0.1
