PODS:
  - SHPKeyboardAwareness (3.1.0)

DEPENDENCIES:
  - SHPKeyboardAwareness (from `../`)

EXTERNAL SOURCES:
  SHPKeyboardAwareness:
    :path: ../

SPEC CHECKSUMS:
  SHPKeyboardAwareness: 0d7cfe8cac9365a26c720af4a346b1157dc25a16

PODFILE CHECKSUM: dc4919f25d8ac7e1e5b1255cd3ff32c348d7e1f4

COCOAPODS: 1.2.1
