// !$*UTF8*$!
{
	archiveVersion = 1;
	classes = {
	};
	objectVersion = 46;
	objects = {

/* Begin PBXBuildFile section */
		761967ED1A2EFBFD005FBE09 /* main.m in Sources */ = {isa = PBXBuildFile; fileRef = 761967EC1A2EFBFD005FBE09 /* main.m */; };
		761967F01A2EFBFD005FBE09 /* AppDelegate.m in Sources */ = {isa = PBXBuildFile; fileRef = 761967EF1A2EFBFD005FBE09 /* AppDelegate.m */; };
		761967FB1A2EFBFD005FBE09 /* Images.xcassets in Resources */ = {isa = PBXBuildFile; fileRef = 761967FA1A2EFBFD005FBE09 /* Images.xcassets */; };
		761967FE1A2EFBFD005FBE09 /* LaunchScreen.xib in Resources */ = {isa = PBXBuildFile; fileRef = 761967FC1A2EFBFD005FBE09 /* LaunchScreen.xib */; };
		761968151A2EFD61005FBE09 /* ViewController.m in Sources */ = {isa = PBXBuildFile; fileRef = 761968141A2EFD61005FBE09 /* ViewController.m */; };
		7648F3C71A76C70500DAEB0E /* AdvancedViewController.m in Sources */ = {isa = PBXBuildFile; fileRef = 7648F3C61A76C70500DAEB0E /* AdvancedViewController.m */; };
		76B533A11AC962190087EAB7 /* UITextField+Pretty.m in Sources */ = {isa = PBXBuildFile; fileRef = 76B533A01AC962190087EAB7 /* UITextField+Pretty.m */; };
		961D1DC866A4BF84894FB888 /* libPods.a in Frameworks */ = {isa = PBXBuildFile; fileRef = C4414AA3932002D8501D395C /* libPods.a */; };
/* End PBXBuildFile section */

/* Begin PBXFileReference section */
		1057C4B6DB94CD77EE663D7A /* Pods.debug.xcconfig */ = {isa = PBXFileReference; includeInIndex = 1; lastKnownFileType = text.xcconfig; name = Pods.debug.xcconfig; path = "Pods/Target Support Files/Pods/Pods.debug.xcconfig"; sourceTree = "<group>"; };
		761967E71A2EFBFD005FBE09 /* SHPKeyboardAwareness.app */ = {isa = PBXFileReference; explicitFileType = wrapper.application; includeInIndex = 0; path = SHPKeyboardAwareness.app; sourceTree = BUILT_PRODUCTS_DIR; };
		761967EB1A2EFBFD005FBE09 /* Info.plist */ = {isa = PBXFileReference; lastKnownFileType = text.plist.xml; path = Info.plist; sourceTree = "<group>"; };
		761967EC1A2EFBFD005FBE09 /* main.m */ = {isa = PBXFileReference; lastKnownFileType = sourcecode.c.objc; path = main.m; sourceTree = "<group>"; };
		761967EE1A2EFBFD005FBE09 /* AppDelegate.h */ = {isa = PBXFileReference; lastKnownFileType = sourcecode.c.h; path = AppDelegate.h; sourceTree = "<group>"; };
		761967EF1A2EFBFD005FBE09 /* AppDelegate.m */ = {isa = PBXFileReference; lastKnownFileType = sourcecode.c.objc; path = AppDelegate.m; sourceTree = "<group>"; };
		761967FA1A2EFBFD005FBE09 /* Images.xcassets */ = {isa = PBXFileReference; lastKnownFileType = folder.assetcatalog; path = Images.xcassets; sourceTree = "<group>"; };
		761967FD1A2EFBFD005FBE09 /* Base */ = {isa = PBXFileReference; lastKnownFileType = file.xib; name = Base; path = Base.lproj/LaunchScreen.xib; sourceTree = "<group>"; };
		761968131A2EFD61005FBE09 /* ViewController.h */ = {isa = PBXFileReference; fileEncoding = 4; lastKnownFileType = sourcecode.c.h; path = ViewController.h; sourceTree = "<group>"; };
		761968141A2EFD61005FBE09 /* ViewController.m */ = {isa = PBXFileReference; fileEncoding = 4; lastKnownFileType = sourcecode.c.objc; path = ViewController.m; sourceTree = "<group>"; };
		7648F3C51A76C70500DAEB0E /* AdvancedViewController.h */ = {isa = PBXFileReference; fileEncoding = 4; lastKnownFileType = sourcecode.c.h; path = AdvancedViewController.h; sourceTree = "<group>"; };
		7648F3C61A76C70500DAEB0E /* AdvancedViewController.m */ = {isa = PBXFileReference; fileEncoding = 4; lastKnownFileType = sourcecode.c.objc; path = AdvancedViewController.m; sourceTree = "<group>"; };
		76B5339F1AC962190087EAB7 /* UITextField+Pretty.h */ = {isa = PBXFileReference; fileEncoding = 4; lastKnownFileType = sourcecode.c.h; path = "UITextField+Pretty.h"; sourceTree = "<group>"; };
		76B533A01AC962190087EAB7 /* UITextField+Pretty.m */ = {isa = PBXFileReference; fileEncoding = 4; lastKnownFileType = sourcecode.c.objc; path = "UITextField+Pretty.m"; sourceTree = "<group>"; };
		C4414AA3932002D8501D395C /* libPods.a */ = {isa = PBXFileReference; explicitFileType = archive.ar; includeInIndex = 0; path = libPods.a; sourceTree = BUILT_PRODUCTS_DIR; };
		FC4B253A8AC78D86FAA80CF1 /* Pods.release.xcconfig */ = {isa = PBXFileReference; includeInIndex = 1; lastKnownFileType = text.xcconfig; name = Pods.release.xcconfig; path = "Pods/Target Support Files/Pods/Pods.release.xcconfig"; sourceTree = "<group>"; };
/* End PBXFileReference section */

/* Begin PBXFrameworksBuildPhase section */
		761967E41A2EFBFD005FBE09 /* Frameworks */ = {
			isa = PBXFrameworksBuildPhase;
			buildActionMask = 2147483647;
			files = (
				961D1DC866A4BF84894FB888 /* libPods.a in Frameworks */,
			);
			runOnlyForDeploymentPostprocessing = 0;
		};
/* End PBXFrameworksBuildPhase section */

/* Begin PBXGroup section */
		761967DE1A2EFBFD005FBE09 = {
			isa = PBXGroup;
			children = (
				761967E91A2EFBFD005FBE09 /* SHPKeyboardAwareness */,
				761967E81A2EFBFD005FBE09 /* Products */,
				7FFC8A69161EE2C0E0DF92D0 /* Pods */,
				E03513A7F2E23C1810C58139 /* Frameworks */,
			);
			sourceTree = "<group>";
		};
		761967E81A2EFBFD005FBE09 /* Products */ = {
			isa = PBXGroup;
			children = (
				761967E71A2EFBFD005FBE09 /* SHPKeyboardAwareness.app */,
			);
			name = Products;
			sourceTree = "<group>";
		};
		761967E91A2EFBFD005FBE09 /* SHPKeyboardAwareness */ = {
			isa = PBXGroup;
			children = (
				761967EE1A2EFBFD005FBE09 /* AppDelegate.h */,
				761967EF1A2EFBFD005FBE09 /* AppDelegate.m */,
				761967FA1A2EFBFD005FBE09 /* Images.xcassets */,
				761967FC1A2EFBFD005FBE09 /* LaunchScreen.xib */,
				761967EA1A2EFBFD005FBE09 /* Supporting Files */,
				761968131A2EFD61005FBE09 /* ViewController.h */,
				761968141A2EFD61005FBE09 /* ViewController.m */,
				7648F3C51A76C70500DAEB0E /* AdvancedViewController.h */,
				7648F3C61A76C70500DAEB0E /* AdvancedViewController.m */,
				76B5339F1AC962190087EAB7 /* UITextField+Pretty.h */,
				76B533A01AC962190087EAB7 /* UITextField+Pretty.m */,
			);
			path = SHPKeyboardAwareness;
			sourceTree = "<group>";
		};
		761967EA1A2EFBFD005FBE09 /* Supporting Files */ = {
			isa = PBXGroup;
			children = (
				761967EB1A2EFBFD005FBE09 /* Info.plist */,
				761967EC1A2EFBFD005FBE09 /* main.m */,
			);
			name = "Supporting Files";
			sourceTree = "<group>";
		};
		7FFC8A69161EE2C0E0DF92D0 /* Pods */ = {
			isa = PBXGroup;
			children = (
				1057C4B6DB94CD77EE663D7A /* Pods.debug.xcconfig */,
				FC4B253A8AC78D86FAA80CF1 /* Pods.release.xcconfig */,
			);
			name = Pods;
			sourceTree = "<group>";
		};
		E03513A7F2E23C1810C58139 /* Frameworks */ = {
			isa = PBXGroup;
			children = (
				C4414AA3932002D8501D395C /* libPods.a */,
			);
			name = Frameworks;
			sourceTree = "<group>";
		};
/* End PBXGroup section */

/* Begin PBXNativeTarget section */
		761967E61A2EFBFD005FBE09 /* SHPKeyboardAwareness */ = {
			isa = PBXNativeTarget;
			buildConfigurationList = 7619680D1A2EFBFD005FBE09 /* Build configuration list for PBXNativeTarget "SHPKeyboardAwareness" */;
			buildPhases = (
				6EBE7965A6D703B86D96196D /* Check Pods Manifest.lock */,
				761967E31A2EFBFD005FBE09 /* Sources */,
				761967E41A2EFBFD005FBE09 /* Frameworks */,
				761967E51A2EFBFD005FBE09 /* Resources */,
				2647C94614DF55BC850C22EA /* Copy Pods Resources */,
			);
			buildRules = (
			);
			dependencies = (
			);
			name = SHPKeyboardAwareness;
			productName = SHPKeyboardAwareness;
			productReference = 761967E71A2EFBFD005FBE09 /* SHPKeyboardAwareness.app */;
			productType = "com.apple.product-type.application";
		};
/* End PBXNativeTarget section */

/* Begin PBXProject section */
		761967DF1A2EFBFD005FBE09 /* Project object */ = {
			isa = PBXProject;
			attributes = {
				LastUpgradeCheck = 0610;
				ORGANIZATIONNAME = "Shape A/S";
				TargetAttributes = {
					761967E61A2EFBFD005FBE09 = {
						CreatedOnToolsVersion = 6.1.1;
					};
				};
			};
			buildConfigurationList = 761967E21A2EFBFD005FBE09 /* Build configuration list for PBXProject "SHPKeyboardAwareness" */;
			compatibilityVersion = "Xcode 3.2";
			developmentRegion = English;
			hasScannedForEncodings = 0;
			knownRegions = (
				en,
				Base,
			);
			mainGroup = 761967DE1A2EFBFD005FBE09;
			productRefGroup = 761967E81A2EFBFD005FBE09 /* Products */;
			projectDirPath = "";
			projectRoot = "";
			targets = (
				761967E61A2EFBFD005FBE09 /* SHPKeyboardAwareness */,
			);
		};
/* End PBXProject section */

/* Begin PBXResourcesBuildPhase section */
		761967E51A2EFBFD005FBE09 /* Resources */ = {
			isa = PBXResourcesBuildPhase;
			buildActionMask = 2147483647;
			files = (
				761967FE1A2EFBFD005FBE09 /* LaunchScreen.xib in Resources */,
				761967FB1A2EFBFD005FBE09 /* Images.xcassets in Resources */,
			);
			runOnlyForDeploymentPostprocessing = 0;
		};
/* End PBXResourcesBuildPhase section */

/* Begin PBXShellScriptBuildPhase section */
		2647C94614DF55BC850C22EA /* Copy Pods Resources */ = {
			isa = PBXShellScriptBuildPhase;
			buildActionMask = 2147483647;
			files = (
			);
			inputPaths = (
			);
			name = "Copy Pods Resources";
			outputPaths = (
			);
			runOnlyForDeploymentPostprocessing = 0;
			shellPath = /bin/sh;
			shellScript = "\"${SRCROOT}/Pods/Target Support Files/Pods/Pods-resources.sh\"\n";
			showEnvVarsInLog = 0;
		};
		6EBE7965A6D703B86D96196D /* Check Pods Manifest.lock */ = {
			isa = PBXShellScriptBuildPhase;
			buildActionMask = 2147483647;
			files = (
			);
			inputPaths = (
			);
			name = "Check Pods Manifest.lock";
			outputPaths = (
			);
			runOnlyForDeploymentPostprocessing = 0;
			shellPath = /bin/sh;
			shellScript = "diff \"${PODS_ROOT}/../Podfile.lock\" \"${PODS_ROOT}/Manifest.lock\" > /dev/null\nif [[ $? != 0 ]] ; then\n    cat << EOM\nerror: The sandbox is not in sync with the Podfile.lock. Run 'pod install' or update your CocoaPods installation.\nEOM\n    exit 1\nfi\n";
			showEnvVarsInLog = 0;
		};
/* End PBXShellScriptBuildPhase section */

/* Begin PBXSourcesBuildPhase section */
		761967E31A2EFBFD005FBE09 /* Sources */ = {
			isa = PBXSourcesBuildPhase;
			buildActionMask = 2147483647;
			files = (
				7648F3C71A76C70500DAEB0E /* AdvancedViewController.m in Sources */,
				761968151A2EFD61005FBE09 /* ViewController.m in Sources */,
				76B533A11AC962190087EAB7 /* UITextField+Pretty.m in Sources */,
				761967F01A2EFBFD005FBE09 /* AppDelegate.m in Sources */,
				761967ED1A2EFBFD005FBE09 /* main.m in Sources */,
			);
			runOnlyForDeploymentPostprocessing = 0;
		};
/* End PBXSourcesBuildPhase section */

/* Begin PBXVariantGroup section */
		761967FC1A2EFBFD005FBE09 /* LaunchScreen.xib */ = {
			isa = PBXVariantGroup;
			children = (
				761967FD1A2EFBFD005FBE09 /* Base */,
			);
			name = LaunchScreen.xib;
			sourceTree = "<group>";
		};
/* End PBXVariantGroup section */

/* Begin XCBuildConfiguration section */
		7619680B1A2EFBFD005FBE09 /* Debug */ = {
			isa = XCBuildConfiguration;
			buildSettings = {
				ALWAYS_SEARCH_USER_PATHS = NO;
				CLANG_CXX_LANGUAGE_STANDARD = "gnu++0x";
				CLANG_CXX_LIBRARY = "libc++";
				CLANG_ENABLE_MODULES = YES;
				CLANG_ENABLE_OBJC_ARC = YES;
				CLANG_WARN_BOOL_CONVERSION = YES;
				CLANG_WARN_CONSTANT_CONVERSION = YES;
				CLANG_WARN_DIRECT_OBJC_ISA_USAGE = YES_ERROR;
				CLANG_WARN_EMPTY_BODY = YES;
				CLANG_WARN_ENUM_CONVERSION = YES;
				CLANG_WARN_INT_CONVERSION = YES;
				CLANG_WARN_OBJC_ROOT_CLASS = YES_ERROR;
				CLANG_WARN_UNREACHABLE_CODE = YES;
				CLANG_WARN__DUPLICATE_METHOD_MATCH = YES;
				"CODE_SIGN_IDENTITY[sdk=iphoneos*]" = "iPhone Developer";
				COPY_PHASE_STRIP = NO;
				ENABLE_STRICT_OBJC_MSGSEND = YES;
				GCC_C_LANGUAGE_STANDARD = gnu99;
				GCC_DYNAMIC_NO_PIC = NO;
				GCC_OPTIMIZATION_LEVEL = 0;
				GCC_PREPROCESSOR_DEFINITIONS = (
					"DEBUG=1",
					"$(inherited)",
				);
				GCC_SYMBOLS_PRIVATE_EXTERN = NO;
				GCC_WARN_64_TO_32_BIT_CONVERSION = YES;
				GCC_WARN_ABOUT_RETURN_TYPE = YES_ERROR;
				GCC_WARN_UNDECLARED_SELECTOR = YES;
				GCC_WARN_UNINITIALIZED_AUTOS = YES_AGGRESSIVE;
				GCC_WARN_UNUSED_FUNCTION = YES;
				GCC_WARN_UNUSED_VARIABLE = YES;
				IPHONEOS_DEPLOYMENT_TARGET = 7.0;
				MTL_ENABLE_DEBUG_INFO = YES;
				ONLY_ACTIVE_ARCH = YES;
				SDKROOT = iphoneos;
			};
			name = Debug;
		};
		7619680C1A2EFBFD005FBE09 /* Release */ = {
			isa = XCBuildConfiguration;
			buildSettings = {
				ALWAYS_SEARCH_USER_PATHS = NO;
				CLANG_CXX_LANGUAGE_STANDARD = "gnu++0x";
				CLANG_CXX_LIBRARY = "libc++";
				CLANG_ENABLE_MODULES = YES;
				CLANG_ENABLE_OBJC_ARC = YES;
				CLANG_WARN_BOOL_CONVERSION = YES;
				CLANG_WARN_CONSTANT_CONVERSION = YES;
				CLANG_WARN_DIRECT_OBJC_ISA_USAGE = YES_ERROR;
				CLANG_WARN_EMPTY_BODY = YES;
				CLANG_WARN_ENUM_CONVERSION = YES;
				CLANG_WARN_INT_CONVERSION = YES;
				CLANG_WARN_OBJC_ROOT_CLASS = YES_ERROR;
				CLANG_WARN_UNREACHABLE_CODE = YES;
				CLANG_WARN__DUPLICATE_METHOD_MATCH = YES;
				"CODE_SIGN_IDENTITY[sdk=iphoneos*]" = "iPhone Developer";
				COPY_PHASE_STRIP = YES;
				ENABLE_NS_ASSERTIONS = NO;
				ENABLE_STRICT_OBJC_MSGSEND = YES;
				GCC_C_LANGUAGE_STANDARD = gnu99;
				GCC_WARN_64_TO_32_BIT_CONVERSION = YES;
				GCC_WARN_ABOUT_RETURN_TYPE = YES_ERROR;
				GCC_WARN_UNDECLARED_SELECTOR = YES;
				GCC_WARN_UNINITIALIZED_AUTOS = YES_AGGRESSIVE;
				GCC_WARN_UNUSED_FUNCTION = YES;
				GCC_WARN_UNUSED_VARIABLE = YES;
				IPHONEOS_DEPLOYMENT_TARGET = 7.0;
				MTL_ENABLE_DEBUG_INFO = NO;
				SDKROOT = iphoneos;
				VALIDATE_PRODUCT = YES;
			};
			name = Release;
		};
		7619680E1A2EFBFD005FBE09 /* Debug */ = {
			isa = XCBuildConfiguration;
			baseConfigurationReference = 1057C4B6DB94CD77EE663D7A /* Pods.debug.xcconfig */;
			buildSettings = {
				ASSETCATALOG_COMPILER_APPICON_NAME = AppIcon;
				INFOPLIST_FILE = SHPKeyboardAwareness/Info.plist;
				LD_RUNPATH_SEARCH_PATHS = "$(inherited) @executable_path/Frameworks";
				PRODUCT_NAME = "$(TARGET_NAME)";
			};
			name = Debug;
		};
		7619680F1A2EFBFD005FBE09 /* Release */ = {
			isa = XCBuildConfiguration;
			baseConfigurationReference = FC4B253A8AC78D86FAA80CF1 /* Pods.release.xcconfig */;
			buildSettings = {
				ASSETCATALOG_COMPILER_APPICON_NAME = AppIcon;
				INFOPLIST_FILE = SHPKeyboardAwareness/Info.plist;
				LD_RUNPATH_SEARCH_PATHS = "$(inherited) @executable_path/Frameworks";
				PRODUCT_NAME = "$(TARGET_NAME)";
			};
			name = Release;
		};
/* End XCBuildConfiguration section */

/* Begin XCConfigurationList section */
		761967E21A2EFBFD005FBE09 /* Build configuration list for PBXProject "SHPKeyboardAwareness" */ = {
			isa = XCConfigurationList;
			buildConfigurations = (
				7619680B1A2EFBFD005FBE09 /* Debug */,
				7619680C1A2EFBFD005FBE09 /* Release */,
			);
			defaultConfigurationIsVisible = 0;
			defaultConfigurationName = Release;
		};
		7619680D1A2EFBFD005FBE09 /* Build configuration list for PBXNativeTarget "SHPKeyboardAwareness" */ = {
			isa = XCConfigurationList;
			buildConfigurations = (
				7619680E1A2EFBFD005FBE09 /* Debug */,
				7619680F1A2EFBFD005FBE09 /* Release */,
			);
			defaultConfigurationIsVisible = 0;
			defaultConfigurationName = Release;
		};
/* End XCConfigurationList section */
	};
	rootObject = 761967DF1A2EFBFD005FBE09 /* Project object */;
}
